
Microsoft Visual Studio Solution File, Format Version 12.00
# Visual Studio Version 17
VisualStudioVersion = 17.8.34511.84
MinimumVisualStudioVersion = 10.0.40219.1
Project("{FAE04EC0-301F-11D3-BF4B-00C04F79EFBC}") = "ModeloCommand", "ModeloCommand.csproj", "{A35FD093-D3C1-46E4-AEBB-3E9C2AEAE564}"
EndProject
Global
	GlobalSection(SolutionConfigurationPlatforms) = preSolution
		Debug|Any CPU = Debug|Any CPU
		Release|Any CPU = Release|Any CPU
	EndGlobalSection
	GlobalSection(ProjectConfigurationPlatforms) = postSolution
		{A35FD093-D3C1-46E4-AEBB-3E9C2AEAE564}.Debug|Any CPU.ActiveCfg = Debug|Any CPU
		{A35FD093-D3C1-46E4-AEBB-3E9C2AEAE564}.Debug|Any CPU.Build.0 = Debug|Any CPU
		{A35FD093-D3C1-46E4-AEBB-3E9C2AEAE564}.Release|Any CPU.ActiveCfg = Release|Any CPU
		{A35FD093-D3C1-46E4-AEBB-3E9C2AEAE564}.Release|Any CPU.Build.0 = Release|Any CPU
	EndGlobalSection
	GlobalSection(SolutionProperties) = preSolution
		HideSolutionNode = FALSE
	EndGlobalSection
	GlobalSection(ExtensibilityGlobals) = postSolution
		SolutionGuid = {A14F6B33-34A5-4E27-9118-E69C120FC33D}
	EndGlobalSection
EndGlobal
